
Microsoft Visual Studio Solution File, Format Version 12.00
# Visual Studio Version 16
VisualStudioVersion = 16.0.30406.217
MinimumVisualStudioVersion = 10.0.40219.1
Project("{FAE04EC0-301F-11D3-BF4B-00C04F79EFBC}") = "NeuralNet", "NeuralNet\NeuralNet.csproj", "{0741B9BD-67FF-48BD-B85E-1A877BBF4530}"
EndProject
Global
	GlobalSection(SolutionConfigurationPlatforms) = preSolution
		Debug|Any CPU = Debug|Any CPU
		Release|Any CPU = Release|Any CPU
	EndGlobalSection
	GlobalSection(ProjectConfigurationPlatforms) = postSolution
		{0741B9BD-67FF-48BD-B85E-1A877BBF4530}.Debug|Any CPU.ActiveCfg = Debug|Any CPU
		{0741B9BD-67FF-48BD-B85E-1A877BBF4530}.Debug|Any CPU.Build.0 = Debug|Any CPU
		{0741B9BD-67FF-48BD-B85E-1A877BBF4530}.Release|Any CPU.ActiveCfg = Release|Any CPU
		{0741B9BD-67FF-48BD-B85E-1A877BBF4530}.Release|Any CPU.Build.0 = Release|Any CPU
	EndGlobalSection
	GlobalSection(SolutionProperties) = preSolution
		HideSolutionNode = FALSE
	EndGlobalSection
	GlobalSection(ExtensibilityGlobals) = postSolution
		SolutionGuid = {FB2BC7CF-8BCA-4E68-BAB0-751A25D27EF9}
	EndGlobalSection
EndGlobal
